
Microsoft Visual Studio Solution File, Format Version 12.00
# Visual Studio Version 17
VisualStudioVersion = 17.11.35327.3
MinimumVisualStudioVersion = 10.0.40219.1
Project("{FAE04EC0-301F-11D3-BF4B-00C04F79EFBC}") = "e.Commere.Solution.UsersService", "e.Commere.Solution.UsersService\e.Commere.Solution.UsersService.csproj", "{1A2196D9-C7EF-43F9-83DD-C6005E1C1276}"
EndProject
Project("{FAE04EC0-301F-11D3-BF4B-00C04F79EFBC}") = "e.Commerece.Infrastucture", "e.Commerece.Infrastucture\e.Commerece.Infrastucture.csproj", "{1CDE71E6-0665-4C88-B6F2-844C38454F47}"
EndProject
Project("{FAE04EC0-301F-11D3-BF4B-00C04F79EFBC}") = "e.Commerce.Core", "e.Commerce.Core\e.Commerce.Core.csproj", "{90D39DA8-99DE-41F5-91D2-1B5B49A434EB}"
EndProject
Global
	GlobalSection(SolutionConfigurationPlatforms) = preSolution
		Debug|Any CPU = Debug|Any CPU
		Release|Any CPU = Release|Any CPU
	EndGlobalSection
	GlobalSection(ProjectConfigurationPlatforms) = postSolution
		{1A2196D9-C7EF-43F9-83DD-C6005E1C1276}.Debug|Any CPU.ActiveCfg = Debug|Any CPU
		{1A2196D9-C7EF-43F9-83DD-C6005E1C1276}.Debug|Any CPU.Build.0 = Debug|Any CPU
		{1A2196D9-C7EF-43F9-83DD-C6005E1C1276}.Release|Any CPU.ActiveCfg = Release|Any CPU
		{1A2196D9-C7EF-43F9-83DD-C6005E1C1276}.Release|Any CPU.Build.0 = Release|Any CPU
		{1CDE71E6-0665-4C88-B6F2-844C38454F47}.Debug|Any CPU.ActiveCfg = Debug|Any CPU
		{1CDE71E6-0665-4C88-B6F2-844C38454F47}.Debug|Any CPU.Build.0 = Debug|Any CPU
		{1CDE71E6-0665-4C88-B6F2-844C38454F47}.Release|Any CPU.ActiveCfg = Release|Any CPU
		{1CDE71E6-0665-4C88-B6F2-844C38454F47}.Release|Any CPU.Build.0 = Release|Any CPU
		{90D39DA8-99DE-41F5-91D2-1B5B49A434EB}.Debug|Any CPU.ActiveCfg = Debug|Any CPU
		{90D39DA8-99DE-41F5-91D2-1B5B49A434EB}.Debug|Any CPU.Build.0 = Debug|Any CPU
		{90D39DA8-99DE-41F5-91D2-1B5B49A434EB}.Release|Any CPU.ActiveCfg = Release|Any CPU
		{90D39DA8-99DE-41F5-91D2-1B5B49A434EB}.Release|Any CPU.Build.0 = Release|Any CPU
	EndGlobalSection
	GlobalSection(SolutionProperties) = preSolution
		HideSolutionNode = FALSE
	EndGlobalSection
	GlobalSection(ExtensibilityGlobals) = postSolution
		SolutionGuid = {155B4146-9106-4CE9-959A-E64E06DC55FC}
	EndGlobalSection
EndGlobal
